
Microsoft Visual Studio Solution File, Format Version 12.00
# Visual Studio 15
VisualStudioVersion = 15.0.26730.16
MinimumVisualStudioVersion = 10.0.40219.1
Project("{FAE04EC0-301F-11D3-BF4B-00C04F79EFBC}") = "UICheck1", "UICheck1\UICheck1.csproj", "{BF1BF67A-6B24-4C36-B8B7-C2608E1B3965}"
EndProject
Global
	GlobalSection(SolutionConfigurationPlatforms) = preSolution
		Debug|Any CPU = Debug|Any CPU
		Release|Any CPU = Release|Any CPU
	EndGlobalSection
	GlobalSection(ProjectConfigurationPlatforms) = postSolution
		{BF1BF67A-6B24-4C36-B8B7-C2608E1B3965}.Debug|Any CPU.ActiveCfg = Debug|Any CPU
		{BF1BF67A-6B24-4C36-B8B7-C2608E1B3965}.Debug|Any CPU.Build.0 = Debug|Any CPU
		{BF1BF67A-6B24-4C36-B8B7-C2608E1B3965}.Release|Any CPU.ActiveCfg = Release|Any CPU
		{BF1BF67A-6B24-4C36-B8B7-C2608E1B3965}.Release|Any CPU.Build.0 = Release|Any CPU
	EndGlobalSection
	GlobalSection(SolutionProperties) = preSolution
		HideSolutionNode = FALSE
	EndGlobalSection
	GlobalSection(ExtensibilityGlobals) = postSolution
		SolutionGuid = {5F393AE5-4543-4687-BFE3-6613CA1281C0}
	EndGlobalSection
EndGlobal
